
Microsoft Visual Studio Solution File, Format Version 12.00
Project("{FAE04EC0-301F-11D3-BF4B-00C04F79EFBC}") = "WaisetsuToshokan", "WaisetsuToshokan\WaisetsuToshokan.csproj", "{65106AE9-6616-442D-8277-9FC992E651D0}"
EndProject
Project("{FAE04EC0-301F-11D3-BF4B-00C04F79EFBC}") = "OpenHentai", "..\OpenHentai\OpenHentai\OpenHentai.csproj", "{8B7F6D74-C382-4C45-8431-41CAE38F1474}"
EndProject
Global
	GlobalSection(SolutionConfigurationPlatforms) = preSolution
		Debug|Any CPU = Debug|Any CPU
		Release|Any CPU = Release|Any CPU
	EndGlobalSection
	GlobalSection(ProjectConfigurationPlatforms) = postSolution
		{65106AE9-6616-442D-8277-9FC992E651D0}.Debug|Any CPU.ActiveCfg = Debug|Any CPU
		{65106AE9-6616-442D-8277-9FC992E651D0}.Debug|Any CPU.Build.0 = Debug|Any CPU
		{65106AE9-6616-442D-8277-9FC992E651D0}.Release|Any CPU.ActiveCfg = Release|Any CPU
		{65106AE9-6616-442D-8277-9FC992E651D0}.Release|Any CPU.Build.0 = Release|Any CPU
		{8B7F6D74-C382-4C45-8431-41CAE38F1474}.Debug|Any CPU.ActiveCfg = Debug|Any CPU
		{8B7F6D74-C382-4C45-8431-41CAE38F1474}.Debug|Any CPU.Build.0 = Debug|Any CPU
		{8B7F6D74-C382-4C45-8431-41CAE38F1474}.Release|Any CPU.ActiveCfg = Release|Any CPU
		{8B7F6D74-C382-4C45-8431-41CAE38F1474}.Release|Any CPU.Build.0 = Release|Any CPU
	EndGlobalSection
EndGlobal
